
Microsoft Visual Studio Solution File, Format Version 12.00
# Visual Studio 15
VisualStudioVersion = 15.0.27130.2024
MinimumVisualStudioVersion = 10.0.40219.1
Project("{FAE04EC0-301F-11D3-BF4B-00C04F79EFBC}") = "CrackingtheCodingInterviewChallenges", "CrackingtheCodingInterviewChallenges\CrackingtheCodingInterviewChallenges.csproj", "{B3768D29-40AF-4B9D-997B-245742F8B9DC}"
EndProject
Project("{FAE04EC0-301F-11D3-BF4B-00C04F79EFBC}") = "CrackingtheCodingInterviewChallenges.Tests", "CrackingtheCodingInterviewChallenges.Tests\CrackingtheCodingInterviewChallenges.Tests.csproj", "{7911B690-078C-46F4-908F-FAFB38FAA96E}"
EndProject
Global
	GlobalSection(SolutionConfigurationPlatforms) = preSolution
		Debug|Any CPU = Debug|Any CPU
		Release|Any CPU = Release|Any CPU
	EndGlobalSection
	GlobalSection(ProjectConfigurationPlatforms) = postSolution
		{B3768D29-40AF-4B9D-997B-245742F8B9DC}.Debug|Any CPU.ActiveCfg = Debug|Any CPU
		{B3768D29-40AF-4B9D-997B-245742F8B9DC}.Debug|Any CPU.Build.0 = Debug|Any CPU
		{B3768D29-40AF-4B9D-997B-245742F8B9DC}.Release|Any CPU.ActiveCfg = Release|Any CPU
		{B3768D29-40AF-4B9D-997B-245742F8B9DC}.Release|Any CPU.Build.0 = Release|Any CPU
		{7911B690-078C-46F4-908F-FAFB38FAA96E}.Debug|Any CPU.ActiveCfg = Debug|Any CPU
		{7911B690-078C-46F4-908F-FAFB38FAA96E}.Debug|Any CPU.Build.0 = Debug|Any CPU
		{7911B690-078C-46F4-908F-FAFB38FAA96E}.Release|Any CPU.ActiveCfg = Release|Any CPU
		{7911B690-078C-46F4-908F-FAFB38FAA96E}.Release|Any CPU.Build.0 = Release|Any CPU
	EndGlobalSection
	GlobalSection(SolutionProperties) = preSolution
		HideSolutionNode = FALSE
	EndGlobalSection
	GlobalSection(ExtensibilityGlobals) = postSolution
		SolutionGuid = {9CBE2DFD-81CB-426C-9F75-A0924959950C}
	EndGlobalSection
EndGlobal
